{
    "name": "com.phonegap.helloworld",
    "version": "1.0.0",
    "lockfileVersion": 1,
    "requires": true,
    "dependencies": {
        "cordova-plugin-android-fingerprint-auth": {
            "version": "1.5.0",
            "resolved": "https://registry.npmjs.org/cordova-plugin-android-fingerprint-auth/-/cordova-plugin-android-fingerprint-auth-1.5.0.tgz",
            "integrity": "sha512-EozuBxIAo7rnIZajSWJIN8Re0KdExSlH9kxUqhYVUExzB4jQDm+JO2qcSGulXcoGsabqRgqR8XRuaoa+h+XSBQ=="
        }
    }
}
